
Microsoft Visual Studio Solution File, Format Version 12.00
# Visual Studio Version 17
VisualStudioVersion = 17.0.32112.339
MinimumVisualStudioVersion = 10.0.40219.1
Project("{9A19103F-16F7-4668-BE54-9A1E7A4F7556}") = "Black.Beard.Sql", "Black.Beard.Sql\Black.Beard.Sql.csproj", "{C7A558FB-4C47-4FFC-8402-C8F7144AB73E}"
EndProject
Project("{9A19103F-16F7-4668-BE54-9A1E7A4F7556}") = "Black.Beard.SqlServer", "Black.Beard.SqlServer\Black.Beard.SqlServer.csproj", "{2E3084FC-F681-462C-8B58-9C9E12228E7E}"
EndProject
Project("{2150E333-8FDC-42A3-9474-1A3956D46DE8}") = "Solution Items", "Solution Items", "{94142783-602E-4FAF-94C6-A52B8D5DBB98}"
	ProjectSection(SolutionItems) = preProject
		..\LICENSE = ..\LICENSE
		..\README.md = ..\README.md
	EndProjectSection
EndProject
Project("{FAE04EC0-301F-11D3-BF4B-00C04F79EFBC}") = "Black.Beard.Sql.XUnits", "Black.Beard.Sql.XUnits\Black.Beard.Sql.XUnits.csproj", "{E6F4B0D1-02B7-4133-AE63-7FE569F04B02}"
EndProject
Global
	GlobalSection(SolutionConfigurationPlatforms) = preSolution
		Debug|Any CPU = Debug|Any CPU
		Release|Any CPU = Release|Any CPU
	EndGlobalSection
	GlobalSection(ProjectConfigurationPlatforms) = postSolution
		{C7A558FB-4C47-4FFC-8402-C8F7144AB73E}.Debug|Any CPU.ActiveCfg = Debug|Any CPU
		{C7A558FB-4C47-4FFC-8402-C8F7144AB73E}.Debug|Any CPU.Build.0 = Debug|Any CPU
		{C7A558FB-4C47-4FFC-8402-C8F7144AB73E}.Release|Any CPU.ActiveCfg = Release|Any CPU
		{C7A558FB-4C47-4FFC-8402-C8F7144AB73E}.Release|Any CPU.Build.0 = Release|Any CPU
		{2E3084FC-F681-462C-8B58-9C9E12228E7E}.Debug|Any CPU.ActiveCfg = Debug|Any CPU
		{2E3084FC-F681-462C-8B58-9C9E12228E7E}.Debug|Any CPU.Build.0 = Debug|Any CPU
		{2E3084FC-F681-462C-8B58-9C9E12228E7E}.Release|Any CPU.ActiveCfg = Release|Any CPU
		{2E3084FC-F681-462C-8B58-9C9E12228E7E}.Release|Any CPU.Build.0 = Release|Any CPU
		{E6F4B0D1-02B7-4133-AE63-7FE569F04B02}.Debug|Any CPU.ActiveCfg = Debug|Any CPU
		{E6F4B0D1-02B7-4133-AE63-7FE569F04B02}.Debug|Any CPU.Build.0 = Debug|Any CPU
		{E6F4B0D1-02B7-4133-AE63-7FE569F04B02}.Release|Any CPU.ActiveCfg = Release|Any CPU
		{E6F4B0D1-02B7-4133-AE63-7FE569F04B02}.Release|Any CPU.Build.0 = Release|Any CPU
	EndGlobalSection
	GlobalSection(SolutionProperties) = preSolution
		HideSolutionNode = FALSE
	EndGlobalSection
	GlobalSection(ExtensibilityGlobals) = postSolution
		SolutionGuid = {450E0DE6-736F-4A85-9635-F232BE732E45}
	EndGlobalSection
EndGlobal
